// !$*UTF8*$!
{
	archiveVersion = 1;
	classes = {
	};
	objectVersion = 50;
	objects = {

/* Begin PBXBuildFile section */
		407EB42D240AB0D000F629AE /* AppDelegate.swift in Sources */ = {isa = PBXBuildFile; fileRef = 407EB42C240AB0D000F629AE /* AppDelegate.swift */; };
		407EB42F240AB0D000F629AE /* SceneDelegate.swift in Sources */ = {isa = PBXBuildFile; fileRef = 407EB42E240AB0D000F629AE /* SceneDelegate.swift */; };
		407EB431240AB0D000F629AE /* GameViewController.swift in Sources */ = {isa = PBXBuildFile; fileRef = 407EB430240AB0D000F629AE /* GameViewController.swift */; };
		407EB434240AB0D000F629AE /* Main.storyboard in Resources */ = {isa = PBXBuildFile; fileRef = 407EB432240AB0D000F629AE /* Main.storyboard */; };
		407EB437240AB0D000F629AE /* HelloWorld.xcdatamodeld in Sources */ = {isa = PBXBuildFile; fileRef = 407EB435240AB0D000F629AE /* HelloWorld.xcdatamodeld */; };
		407EB439240AB0D100F629AE /* Assets.xcassets in Resources */ = {isa = PBXBuildFile; fileRef = 407EB438240AB0D100F629AE /* Assets.xcassets */; };
		407EB43C240AB0D100F629AE /* LaunchScreen.storyboard in Resources */ = {isa = PBXBuildFile; fileRef = 407EB43A240AB0D100F629AE /* LaunchScreen.storyboard */; };
		407EB447240AB0D100F629AE /* HelloWorldTests.swift in Sources */ = {isa = PBXBuildFile; fileRef = 407EB446240AB0D100F629AE /* HelloWorldTests.swift */; };
		407EB452240AB0D100F629AE /* HelloWorldUITests.swift in Sources */ = {isa = PBXBuildFile; fileRef = 407EB451240AB0D100F629AE /* HelloWorldUITests.swift */; };
/* End PBXBuildFile section */

/* Begin PBXContainerItemProxy section */
		407EB443240AB0D100F629AE /* PBXContainerItemProxy */ = {
			isa = PBXContainerItemProxy;
			containerPortal = 407EB421240AB0D000F629AE /* Project object */;
			proxyType = 1;
			remoteGlobalIDString = 407EB428240AB0D000F629AE;
			remoteInfo = HelloWorld;
		};
		407EB44E240AB0D100F629AE /* PBXContainerItemProxy */ = {
			isa = PBXContainerItemProxy;
			containerPortal = 407EB421240AB0D000F629AE /* Project object */;
			proxyType = 1;
			remoteGlobalIDString = 407EB428240AB0D000F629AE;
			remoteInfo = HelloWorld;
		};
/* End PBXContainerItemProxy section */

/* Begin PBXFileReference section */
		407EB429240AB0D000F629AE /* HelloWorld.app */ = {isa = PBXFileReference; explicitFileType = wrapper.application; includeInIndex = 0; path = HelloWorld.app; sourceTree = BUILT_PRODUCTS_DIR; };
		407EB42C240AB0D000F629AE /* AppDelegate.swift */ = {isa = PBXFileReference; lastKnownFileType = sourcecode.swift; path = AppDelegate.swift; sourceTree = "<group>"; };
		407EB42E240AB0D000F629AE /* SceneDelegate.swift */ = {isa = PBXFileReference; lastKnownFileType = sourcecode.swift; path = SceneDelegate.swift; sourceTree = "<group>"; };
		407EB430240AB0D000F629AE /* GameViewController.swift */ = {isa = PBXFileReference; lastKnownFileType = sourcecode.swift; path = GameViewController.swift; sourceTree = "<group>"; };
		407EB433240AB0D000F629AE /* Base */ = {isa = PBXFileReference; lastKnownFileType = file.storyboard; name = Base; path = Base.lproj/Main.storyboard; sourceTree = "<group>"; };
		407EB436240AB0D000F629AE /* HelloWorld.xcdatamodel */ = {isa = PBXFileReference; lastKnownFileType = wrapper.xcdatamodel; path = HelloWorld.xcdatamodel; sourceTree = "<group>"; };
		407EB438240AB0D100F629AE /* Assets.xcassets */ = {isa = PBXFileReference; lastKnownFileType = folder.assetcatalog; path = Assets.xcassets; sourceTree = "<group>"; };
		407EB43B240AB0D100F629AE /* Base */ = {isa = PBXFileReference; lastKnownFileType = file.storyboard; name = Base; path = Base.lproj/LaunchScreen.storyboard; sourceTree = "<group>"; };
		407EB43D240AB0D100F629AE /* Info.plist */ = {isa = PBXFileReference; lastKnownFileType = text.plist.xml; path = Info.plist; sourceTree = "<group>"; };
		407EB442240AB0D100F629AE /* HelloWorldTests.xctest */ = {isa = PBXFileReference; explicitFileType = wrapper.cfbundle; includeInIndex = 0; path = HelloWorldTests.xctest; sourceTree = BUILT_PRODUCTS_DIR; };
		407EB446240AB0D100F629AE /* HelloWorldTests.swift */ = {isa = PBXFileReference; lastKnownFileType = sourcecode.swift; path = HelloWorldTests.swift; sourceTree = "<group>"; };
		407EB448240AB0D100F629AE /* Info.plist */ = {isa = PBXFileReference; lastKnownFileType = text.plist.xml; path = Info.plist; sourceTree = "<group>"; };
		407EB44D240AB0D100F629AE /* HelloWorldUITests.xctest */ = {isa = PBXFileReference; explicitFileType = wrapper.cfbundle; includeInIndex = 0; path = HelloWorldUITests.xctest; sourceTree = BUILT_PRODUCTS_DIR; };
		407EB451240AB0D100F629AE /* HelloWorldUITests.swift */ = {isa = PBXFileReference; lastKnownFileType = sourcecode.swift; path = HelloWorldUITests.swift; sourceTree = "<group>"; };
		407EB453240AB0D100F629AE /* Info.plist */ = {isa = PBXFileReference; lastKnownFileType = text.plist.xml; path = Info.plist; sourceTree = "<group>"; };
/* End PBXFileReference section */

/* Begin PBXFrameworksBuildPhase section */
		407EB426240AB0D000F629AE /* Frameworks */ = {
			isa = PBXFrameworksBuildPhase;
			buildActionMask = 2147483647;
			files = (
			);
			runOnlyForDeploymentPostprocessing = 0;
		};
		407EB43F240AB0D100F629AE /* Frameworks */ = {
			isa = PBXFrameworksBuildPhase;
			buildActionMask = 2147483647;
			files = (
			);
			runOnlyForDeploymentPostprocessing = 0;
		};
		407EB44A240AB0D100F629AE /* Frameworks */ = {
			isa = PBXFrameworksBuildPhase;
			buildActionMask = 2147483647;
			files = (
			);
			runOnlyForDeploymentPostprocessing = 0;
		};
/* End PBXFrameworksBuildPhase section */

/* Begin PBXGroup section */
		407EB420240AB0D000F629AE = {
			isa = PBXGroup;
			children = (
				407EB42B240AB0D000F629AE /* HelloWorld */,
				407EB445240AB0D100F629AE /* HelloWorldTests */,
				407EB450240AB0D100F629AE /* HelloWorldUITests */,
				407EB42A240AB0D000F629AE /* Products */,
			);
			sourceTree = "<group>";
		};
		407EB42A240AB0D000F629AE /* Products */ = {
			isa = PBXGroup;
			children = (
				407EB429240AB0D000F629AE /* HelloWorld.app */,
				407EB442240AB0D100F629AE /* HelloWorldTests.xctest */,
				407EB44D240AB0D100F629AE /* HelloWorldUITests.xctest */,
			);
			name = Products;
			sourceTree = "<group>";
		};
		407EB42B240AB0D000F629AE /* HelloWorld */ = {
			isa = PBXGroup;
			children = (
				407EB42C240AB0D000F629AE /* AppDelegate.swift */,
				407EB42E240AB0D000F629AE /* SceneDelegate.swift */,
				407EB430240AB0D000F629AE /* GameViewController.swift */,
				407EB432240AB0D000F629AE /* Main.storyboard */,
				407EB438240AB0D100F629AE /* Assets.xcassets */,
				407EB43A240AB0D100F629AE /* LaunchScreen.storyboard */,
				407EB43D240AB0D100F629AE /* Info.plist */,
				407EB435240AB0D000F629AE /* HelloWorld.xcdatamodeld */,
			);
			path = HelloWorld;
			sourceTree = "<group>";
		};
		407EB445240AB0D100F629AE /* HelloWorldTests */ = {
			isa = PBXGroup;
			children = (
				407EB446240AB0D100F629AE /* HelloWorldTests.swift */,
				407EB448240AB0D100F629AE /* Info.plist */,
			);
			path = HelloWorldTests;
			sourceTree = "<group>";
		};
		407EB450240AB0D100F629AE /* HelloWorldUITests */ = {
			isa = PBXGroup;
			children = (
				407EB451240AB0D100F629AE /* HelloWorldUITests.swift */,
				407EB453240AB0D100F629AE /* Info.plist */,
			);
			path = HelloWorldUITests;
			sourceTree = "<group>";
		};
/* End PBXGroup section */

/* Begin PBXNativeTarget section */
		407EB428240AB0D000F629AE /* HelloWorld */ = {
			isa = PBXNativeTarget;
			buildConfigurationList = 407EB456240AB0D100F629AE /* Build configuration list for PBXNativeTarget "HelloWorld" */;
			buildPhases = (
				407EB425240AB0D000F629AE /* Sources */,
				407EB426240AB0D000F629AE /* Frameworks */,
				407EB427240AB0D000F629AE /* Resources */,
			);
			buildRules = (
			);
			dependencies = (
			);
			name = HelloWorld;
			productName = HelloWorld;
			productReference = 407EB429240AB0D000F629AE /* HelloWorld.app */;
			productType = "com.apple.product-type.application";
		};
		407EB441240AB0D100F629AE /* HelloWorldTests */ = {
			isa = PBXNativeTarget;
			buildConfigurationList = 407EB459240AB0D100F629AE /* Build configuration list for PBXNativeTarget "HelloWorldTests" */;
			buildPhases = (
				407EB43E240AB0D100F629AE /* Sources */,
				407EB43F240AB0D100F629AE /* Frameworks */,
				407EB440240AB0D100F629AE /* Resources */,
			);
			buildRules = (
			);
			dependencies = (
				407EB444240AB0D100F629AE /* PBXTargetDependency */,
			);
			name = HelloWorldTests;
			productName = HelloWorldTests;
			productReference = 407EB442240AB0D100F629AE /* HelloWorldTests.xctest */;
			productType = "com.apple.product-type.bundle.unit-test";
		};
		407EB44C240AB0D100F629AE /* HelloWorldUITests */ = {
			isa = PBXNativeTarget;
			buildConfigurationList = 407EB45C240AB0D100F629AE /* Build configuration list for PBXNativeTarget "HelloWorldUITests" */;
			buildPhases = (
				407EB449240AB0D100F629AE /* Sources */,
				407EB44A240AB0D100F629AE /* Frameworks */,
				407EB44B240AB0D100F629AE /* Resources */,
			);
			buildRules = (
			);
			dependencies = (
				407EB44F240AB0D100F629AE /* PBXTargetDependency */,
			);
			name = HelloWorldUITests;
			productName = HelloWorldUITests;
			productReference = 407EB44D240AB0D100F629AE /* HelloWorldUITests.xctest */;
			productType = "com.apple.product-type.bundle.ui-testing";
		};
/* End PBXNativeTarget section */

/* Begin PBXProject section */
		407EB421240AB0D000F629AE /* Project object */ = {
			isa = PBXProject;
			attributes = {
				LastSwiftUpdateCheck = 1130;
				LastUpgradeCheck = 1130;
				ORGANIZATIONNAME = mcda;
				TargetAttributes = {
					407EB428240AB0D000F629AE = {
						CreatedOnToolsVersion = 11.3.1;
					};
					407EB441240AB0D100F629AE = {
						CreatedOnToolsVersion = 11.3.1;
						TestTargetID = 407EB428240AB0D000F629AE;
					};
					407EB44C240AB0D100F629AE = {
						CreatedOnToolsVersion = 11.3.1;
						TestTargetID = 407EB428240AB0D000F629AE;
					};
				};
			};
			buildConfigurationList = 407EB424240AB0D000F629AE /* Build configuration list for PBXProject "HelloWorld" */;
			compatibilityVersion = "Xcode 9.3";
			developmentRegion = en;
			hasScannedForEncodings = 0;
			knownRegions = (
				en,
				Base,
			);
			mainGroup = 407EB420240AB0D000F629AE;
			productRefGroup = 407EB42A240AB0D000F629AE /* Products */;
			projectDirPath = "";
			projectRoot = "";
			targets = (
				407EB428240AB0D000F629AE /* HelloWorld */,
				407EB441240AB0D100F629AE /* HelloWorldTests */,
				407EB44C240AB0D100F629AE /* HelloWorldUITests */,
			);
		};
/* End PBXProject section */

/* Begin PBXResourcesBuildPhase section */
		407EB427240AB0D000F629AE /* Resources */ = {
			isa = PBXResourcesBuildPhase;
			buildActionMask = 2147483647;
			files = (
				407EB43C240AB0D100F629AE /* LaunchScreen.storyboard in Resources */,
				407EB439240AB0D100F629AE /* Assets.xcassets in Resources */,
				407EB434240AB0D000F629AE /* Main.storyboard in Resources */,
			);
			runOnlyForDeploymentPostprocessing = 0;
		};
		407EB440240AB0D100F629AE /* Resources */ = {
			isa = PBXResourcesBuildPhase;
			buildActionMask = 2147483647;
			files = (
			);
			runOnlyForDeploymentPostprocessing = 0;
		};
		407EB44B240AB0D100F629AE /* Resources */ = {
			isa = PBXResourcesBuildPhase;
			buildActionMask = 2147483647;
			files = (
			);
			runOnlyForDeploymentPostprocessing = 0;
		};
/* End PBXResourcesBuildPhase section */

/* Begin PBXSourcesBuildPhase section */
		407EB425240AB0D000F629AE /* Sources */ = {
			isa = PBXSourcesBuildPhase;
			buildActionMask = 2147483647;
			files = (
				407EB431240AB0D000F629AE /* GameViewController.swift in Sources */,
				407EB42D240AB0D000F629AE /* AppDelegate.swift in Sources */,
				407EB42F240AB0D000F629AE /* SceneDelegate.swift in Sources */,
				407EB437240AB0D000F629AE /* HelloWorld.xcdatamodeld in Sources */,
			);
			runOnlyForDeploymentPostprocessing = 0;
		};
		407EB43E240AB0D100F629AE /* Sources */ = {
			isa = PBXSourcesBuildPhase;
			buildActionMask = 2147483647;
			files = (
				407EB447240AB0D100F629AE /* HelloWorldTests.swift in Sources */,
			);
			runOnlyForDeploymentPostprocessing = 0;
		};
		407EB449240AB0D100F629AE /* Sources */ = {
			isa = PBXSourcesBuildPhase;
			buildActionMask = 2147483647;
			files = (
				407EB452240AB0D100F629AE /* HelloWorldUITests.swift in Sources */,
			);
			runOnlyForDeploymentPostprocessing = 0;
		};
/* End PBXSourcesBuildPhase section */

/* Begin PBXTargetDependency section */
		407EB444240AB0D100F629AE /* PBXTargetDependency */ = {
			isa = PBXTargetDependency;
			target = 407EB428240AB0D000F629AE /* HelloWorld */;
			targetProxy = 407EB443240AB0D100F629AE /* PBXContainerItemProxy */;
		};
		407EB44F240AB0D100F629AE /* PBXTargetDependency */ = {
			isa = PBXTargetDependency;
			target = 407EB428240AB0D000F629AE /* HelloWorld */;
			targetProxy = 407EB44E240AB0D100F629AE /* PBXContainerItemProxy */;
		};
/* End PBXTargetDependency section */

/* Begin PBXVariantGroup section */
		407EB432240AB0D000F629AE /* Main.storyboard */ = {
			isa = PBXVariantGroup;
			children = (
				407EB433240AB0D000F629AE /* Base */,
			);
			name = Main.storyboard;
			sourceTree = "<group>";
		};
		407EB43A240AB0D100F629AE /* LaunchScreen.storyboard */ = {
			isa = PBXVariantGroup;
			children = (
				407EB43B240AB0D100F629AE /* Base */,
			);
			name = LaunchScreen.storyboard;
			sourceTree = "<group>";
		};
/* End PBXVariantGroup section */

/* Begin XCBuildConfiguration section */
		407EB454240AB0D100F629AE /* Debug */ = {
			isa = XCBuildConfiguration;
			buildSettings = {
				ALWAYS_SEARCH_USER_PATHS = NO;
				CLANG_ANALYZER_NONNULL = YES;
				CLANG_ANALYZER_NUMBER_OBJECT_CONVERSION = YES_AGGRESSIVE;
				CLANG_CXX_LANGUAGE_STANDARD = "gnu++14";
				CLANG_CXX_LIBRARY = "libc++";
				CLANG_ENABLE_MODULES = YES;
				CLANG_ENABLE_OBJC_ARC = YES;
				CLANG_ENABLE_OBJC_WEAK = YES;
				CLANG_WARN_BLOCK_CAPTURE_AUTORELEASING = YES;
				CLANG_WARN_BOOL_CONVERSION = YES;
				CLANG_WARN_COMMA = YES;
				CLANG_WARN_CONSTANT_CONVERSION = YES;
				CLANG_WARN_DEPRECATED_OBJC_IMPLEMENTATIONS = YES;
				CLANG_WARN_DIRECT_OBJC_ISA_USAGE = YES_ERROR;
				CLANG_WARN_DOCUMENTATION_COMMENTS = YES;
				CLANG_WARN_EMPTY_BODY = YES;
				CLANG_WARN_ENUM_CONVERSION = YES;
				CLANG_WARN_INFINITE_RECURSION = YES;
				CLANG_WARN_INT_CONVERSION = YES;
				CLANG_WARN_NON_LITERAL_NULL_CONVERSION = YES;
				CLANG_WARN_OBJC_IMPLICIT_RETAIN_SELF = YES;
				CLANG_WARN_OBJC_LITERAL_CONVERSION = YES;
				CLANG_WARN_OBJC_ROOT_CLASS = YES_ERROR;
				CLANG_WARN_RANGE_LOOP_ANALYSIS = YES;
				CLANG_WARN_STRICT_PROTOTYPES = YES;
				CLANG_WARN_SUSPICIOUS_MOVE = YES;
				CLANG_WARN_UNGUARDED_AVAILABILITY = YES_AGGRESSIVE;
				CLANG_WARN_UNREACHABLE_CODE = YES;
				CLANG_WARN__DUPLICATE_METHOD_MATCH = YES;
				COPY_PHASE_STRIP = NO;
				DEBUG_INFORMATION_FORMAT = dwarf;
				ENABLE_STRICT_OBJC_MSGSEND = YES;
				ENABLE_TESTABILITY = YES;
				GCC_C_LANGUAGE_STANDARD = gnu11;
				GCC_DYNAMIC_NO_PIC = NO;
				GCC_NO_COMMON_BLOCKS = YES;
				GCC_OPTIMIZATION_LEVEL = 0;
				GCC_PREPROCESSOR_DEFINITIONS = (
					"DEBUG=1",
					"$(inherited)",
				);
				GCC_WARN_64_TO_32_BIT_CONVERSION = YES;
				GCC_WARN_ABOUT_RETURN_TYPE = YES_ERROR;
				GCC_WARN_UNDECLARED_SELECTOR = YES;
				GCC_WARN_UNINITIALIZED_AUTOS = YES_AGGRESSIVE;
				GCC_WARN_UNUSED_FUNCTION = YES;
				GCC_WARN_UNUSED_VARIABLE = YES;
				IPHONEOS_DEPLOYMENT_TARGET = 13.2;
				MTL_ENABLE_DEBUG_INFO = INCLUDE_SOURCE;
				MTL_FAST_MATH = YES;
				ONLY_ACTIVE_ARCH = YES;
				SDKROOT = iphoneos;
				SWIFT_ACTIVE_COMPILATION_CONDITIONS = DEBUG;
				SWIFT_OPTIMIZATION_LEVEL = "-Onone";
			};
			name = Debug;
		};
		407EB455240AB0D100F629AE /* Release */ = {
			isa = XCBuildConfiguration;
			buildSettings = {
				ALWAYS_SEARCH_USER_PATHS = NO;
				CLANG_ANALYZER_NONNULL = YES;
				CLANG_ANALYZER_NUMBER_OBJECT_CONVERSION = YES_AGGRESSIVE;
				CLANG_CXX_LANGUAGE_STANDARD = "gnu++14";
				CLANG_CXX_LIBRARY = "libc++";
				CLANG_ENABLE_MODULES = YES;
				CLANG_ENABLE_OBJC_ARC = YES;
				CLANG_ENABLE_OBJC_WEAK = YES;
				CLANG_WARN_BLOCK_CAPTURE_AUTORELEASING = YES;
				CLANG_WARN_BOOL_CONVERSION = YES;
				CLANG_WARN_COMMA = YES;
				CLANG_WARN_CONSTANT_CONVERSION = YES;
				CLANG_WARN_DEPRECATED_OBJC_IMPLEMENTATIONS = YES;
				CLANG_WARN_DIRECT_OBJC_ISA_USAGE = YES_ERROR;
				CLANG_WARN_DOCUMENTATION_COMMENTS = YES;
				CLANG_WARN_EMPTY_BODY = YES;
				CLANG_WARN_ENUM_CONVERSION = YES;
				CLANG_WARN_INFINITE_RECURSION = YES;
				CLANG_WARN_INT_CONVERSION = YES;
				CLANG_WARN_NON_LITERAL_NULL_CONVERSION = YES;
				CLANG_WARN_OBJC_IMPLICIT_RETAIN_SELF = YES;
				CLANG_WARN_OBJC_LITERAL_CONVERSION = YES;
				CLANG_WARN_OBJC_ROOT_CLASS = YES_ERROR;
				CLANG_WARN_RANGE_LOOP_ANALYSIS = YES;
				CLANG_WARN_STRICT_PROTOTYPES = YES;
				CLANG_WARN_SUSPICIOUS_MOVE = YES;
				CLANG_WARN_UNGUARDED_AVAILABILITY = YES_AGGRESSIVE;
				CLANG_WARN_UNREACHABLE_CODE = YES;
				CLANG_WARN__DUPLICATE_METHOD_MATCH = YES;
				COPY_PHASE_STRIP = NO;
				DEBUG_INFORMATION_FORMAT = "dwarf-with-dsym";
				ENABLE_NS_ASSERTIONS = NO;
				ENABLE_STRICT_OBJC_MSGSEND = YES;
				GCC_C_LANGUAGE_STANDARD = gnu11;
				GCC_NO_COMMON_BLOCKS = YES;
				GCC_WARN_64_TO_32_BIT_CONVERSION = YES;
				GCC_WARN_ABOUT_RETURN_TYPE = YES_ERROR;
				GCC_WARN_UNDECLARED_SELECTOR = YES;
				GCC_WARN_UNINITIALIZED_AUTOS = YES_AGGRESSIVE;
				GCC_WARN_UNUSED_FUNCTION = YES;
				GCC_WARN_UNUSED_VARIABLE = YES;
				IPHONEOS_DEPLOYMENT_TARGET = 13.2;
				MTL_ENABLE_DEBUG_INFO = NO;
				MTL_FAST_MATH = YES;
				SDKROOT = iphoneos;
				SWIFT_COMPILATION_MODE = wholemodule;
				SWIFT_OPTIMIZATION_LEVEL = "-O";
				VALIDATE_PRODUCT = YES;
			};
			name = Release;
		};
		407EB457240AB0D100F629AE /* Debug */ = {
			isa = XCBuildConfiguration;
			buildSettings = {
				ASSETCATALOG_COMPILER_APPICON_NAME = AppIcon;
				CODE_SIGN_STYLE = Automatic;
				INFOPLIST_FILE = HelloWorld/Info.plist;
				LD_RUNPATH_SEARCH_PATHS = (
					"$(inherited)",
					"@executable_path/Frameworks",
				);
				PRODUCT_BUNDLE_IDENTIFIER = com.MCDABijay.HelloWorld;
				PRODUCT_NAME = "$(TARGET_NAME)";
				SWIFT_VERSION = 5.0;
				TARGETED_DEVICE_FAMILY = "1,2";
			};
			name = Debug;
		};
		407EB458240AB0D100F629AE /* Release */ = {
			isa = XCBuildConfiguration;
			buildSettings = {
				ASSETCATALOG_COMPILER_APPICON_NAME = AppIcon;
				CODE_SIGN_STYLE = Automatic;
				INFOPLIST_FILE = HelloWorld/Info.plist;
				LD_RUNPATH_SEARCH_PATHS = (
					"$(inherited)",
					"@executable_path/Frameworks",
				);
				PRODUCT_BUNDLE_IDENTIFIER = com.MCDABijay.HelloWorld;
				PRODUCT_NAME = "$(TARGET_NAME)";
				SWIFT_VERSION = 5.0;
				TARGETED_DEVICE_FAMILY = "1,2";
			};
			name = Release;
		};
		407EB45A240AB0D100F629AE /* Debug */ = {
			isa = XCBuildConfiguration;
			buildSettings = {
				ALWAYS_EMBED_SWIFT_STANDARD_LIBRARIES = YES;
				BUNDLE_LOADER = "$(TEST_HOST)";
				CODE_SIGN_STYLE = Automatic;
				INFOPLIST_FILE = HelloWorldTests/Info.plist;
				IPHONEOS_DEPLOYMENT_TARGET = 13.2;
				LD_RUNPATH_SEARCH_PATHS = (
					"$(inherited)",
					"@executable_path/Frameworks",
					"@loader_path/Frameworks",
				);
				PRODUCT_BUNDLE_IDENTIFIER = com.MCDABijay.HelloWorldTests;
				PRODUCT_NAME = "$(TARGET_NAME)";
				SWIFT_VERSION = 5.0;
				TARGETED_DEVICE_FAMILY = "1,2";
				TEST_HOST = "$(BUILT_PRODUCTS_DIR)/HelloWorld.app/HelloWorld";
			};
			name = Debug;
		};
		407EB45B240AB0D100F629AE /* Release */ = {
			isa = XCBuildConfiguration;
			buildSettings = {
				ALWAYS_EMBED_SWIFT_STANDARD_LIBRARIES = YES;
				BUNDLE_LOADER = "$(TEST_HOST)";
				CODE_SIGN_STYLE = Automatic;
				INFOPLIST_FILE = HelloWorldTests/Info.plist;
				IPHONEOS_DEPLOYMENT_TARGET = 13.2;
				LD_RUNPATH_SEARCH_PATHS = (
					"$(inherited)",
					"@executable_path/Frameworks",
					"@loader_path/Frameworks",
				);
				PRODUCT_BUNDLE_IDENTIFIER = com.MCDABijay.HelloWorldTests;
				PRODUCT_NAME = "$(TARGET_NAME)";
				SWIFT_VERSION = 5.0;
				TARGETED_DEVICE_FAMILY = "1,2";
				TEST_HOST = "$(BUILT_PRODUCTS_DIR)/HelloWorld.app/HelloWorld";
			};
			name = Release;
		};
		407EB45D240AB0D100F629AE /* Debug */ = {
			isa = XCBuildConfiguration;
			buildSettings = {
				ALWAYS_EMBED_SWIFT_STANDARD_LIBRARIES = YES;
				CODE_SIGN_STYLE = Automatic;
				INFOPLIST_FILE = HelloWorldUITests/Info.plist;
				LD_RUNPATH_SEARCH_PATHS = (
					"$(inherited)",
					"@executable_path/Frameworks",
					"@loader_path/Frameworks",
				);
				PRODUCT_BUNDLE_IDENTIFIER = com.MCDABijay.HelloWorldUITests;
				PRODUCT_NAME = "$(TARGET_NAME)";
				SWIFT_VERSION = 5.0;
				TARGETED_DEVICE_FAMILY = "1,2";
				TEST_TARGET_NAME = HelloWorld;
			};
			name = Debug;
		};
		407EB45E240AB0D100F629AE /* Release */ = {
			isa = XCBuildConfiguration;
			buildSettings = {
				ALWAYS_EMBED_SWIFT_STANDARD_LIBRARIES = YES;
				CODE_SIGN_STYLE = Automatic;
				INFOPLIST_FILE = HelloWorldUITests/Info.plist;
				LD_RUNPATH_SEARCH_PATHS = (
					"$(inherited)",
					"@executable_path/Frameworks",
					"@loader_path/Frameworks",
				);
				PRODUCT_BUNDLE_IDENTIFIER = com.MCDABijay.HelloWorldUITests;
				PRODUCT_NAME = "$(TARGET_NAME)";
				SWIFT_VERSION = 5.0;
				TARGETED_DEVICE_FAMILY = "1,2";
				TEST_TARGET_NAME = HelloWorld;
			};
			name = Release;
		};
/* End XCBuildConfiguration section */

/* Begin XCConfigurationList section */
		407EB424240AB0D000F629AE /* Build configuration list for PBXProject "HelloWorld" */ = {
			isa = XCConfigurationList;
			buildConfigurations = (
				407EB454240AB0D100F629AE /* Debug */,
				407EB455240AB0D100F629AE /* Release */,
			);
			defaultConfigurationIsVisible = 0;
			defaultConfigurationName = Release;
		};
		407EB456240AB0D100F629AE /* Build configuration list for PBXNativeTarget "HelloWorld" */ = {
			isa = XCConfigurationList;
			buildConfigurations = (
				407EB457240AB0D100F629AE /* Debug */,
				407EB458240AB0D100F629AE /* Release */,
			);
			defaultConfigurationIsVisible = 0;
			defaultConfigurationName = Release;
		};
		407EB459240AB0D100F629AE /* Build configuration list for PBXNativeTarget "HelloWorldTests" */ = {
			isa = XCConfigurationList;
			buildConfigurations = (
				407EB45A240AB0D100F629AE /* Debug */,
				407EB45B240AB0D100F629AE /* Release */,
			);
			defaultConfigurationIsVisible = 0;
			defaultConfigurationName = Release;
		};
		407EB45C240AB0D100F629AE /* Build configuration list for PBXNativeTarget "HelloWorldUITests" */ = {
			isa = XCConfigurationList;
			buildConfigurations = (
				407EB45D240AB0D100F629AE /* Debug */,
				407EB45E240AB0D100F629AE /* Release */,
			);
			defaultConfigurationIsVisible = 0;
			defaultConfigurationName = Release;
		};
/* End XCConfigurationList section */

/* Begin XCVersionGroup section */
		407EB435240AB0D000F629AE /* HelloWorld.xcdatamodeld */ = {
			isa = XCVersionGroup;
			children = (
				407EB436240AB0D000F629AE /* HelloWorld.xcdatamodel */,
			);
			currentVersion = 407EB436240AB0D000F629AE /* HelloWorld.xcdatamodel */;
			path = HelloWorld.xcdatamodeld;
			sourceTree = "<group>";
			versionGroupType = wrapper.xcdatamodel;
		};
/* End XCVersionGroup section */
	};
	rootObject = 407EB421240AB0D000F629AE /* Project object */;
}
